
Microsoft Visual Studio Solution File, Format Version 12.00
# Visual Studio Version 16
VisualStudioVersion = 16.0.810.21
MinimumVisualStudioVersion = 10.0.40219.1
Project("{FAE04EC0-301F-11D3-BF4B-00C04F79EFBC}") = "WordUnscambler", "WordUnscambler\WordUnscambler.csproj", "{755FF59C-1CCD-48D4-A3A9-F18C74EFDE5C}"
EndProject
Project("{2150E333-8FDC-42A3-9474-1A3956D46DE8}") = "Solution Items", "Solution Items", "{A0A23423-3666-48D0-BE15-C7E3DE5CEF33}"
EndProject
Global
	GlobalSection(SolutionConfigurationPlatforms) = preSolution
		Debug|Any CPU = Debug|Any CPU
		Release|Any CPU = Release|Any CPU
	EndGlobalSection
	GlobalSection(ProjectConfigurationPlatforms) = postSolution
		{755FF59C-1CCD-48D4-A3A9-F18C74EFDE5C}.Debug|Any CPU.ActiveCfg = Debug|Any CPU
		{755FF59C-1CCD-48D4-A3A9-F18C74EFDE5C}.Debug|Any CPU.Build.0 = Debug|Any CPU
		{755FF59C-1CCD-48D4-A3A9-F18C74EFDE5C}.Release|Any CPU.ActiveCfg = Release|Any CPU
		{755FF59C-1CCD-48D4-A3A9-F18C74EFDE5C}.Release|Any CPU.Build.0 = Release|Any CPU
	EndGlobalSection
	GlobalSection(SolutionProperties) = preSolution
		HideSolutionNode = FALSE
	EndGlobalSection
	GlobalSection(ExtensibilityGlobals) = postSolution
		SolutionGuid = {57FF17A6-F13F-4E58-82B4-E431DE6D9460}
	EndGlobalSection
EndGlobal
